// !$*UTF8*$!
{
	archiveVersion = 1;
	classes = {
	};
	objectVersion = 55;
	objects = {

/* Begin PBXBuildFile section */
		D997C6AC27E41FB9006F757C /* Item-CoreDataHelpers.swift in Sources */ = {isa = PBXBuildFile; fileRef = D997C6AB27E41FB9006F757C /* Item-CoreDataHelpers.swift */; };
		D997C6AE27E4209A006F757C /* Project-CoreDataHelpers.swift in Sources */ = {isa = PBXBuildFile; fileRef = D997C6AD27E4209A006F757C /* Project-CoreDataHelpers.swift */; };
		D997C6B027E42A5F006F757C /* EditItemView.swift in Sources */ = {isa = PBXBuildFile; fileRef = D997C6AF27E42A5F006F757C /* EditItemView.swift */; };
		D9D92A7627E32BB500E2A7BE /* PortfolioApp.swift in Sources */ = {isa = PBXBuildFile; fileRef = D9D92A7527E32BB500E2A7BE /* PortfolioApp.swift */; };
		D9D92A7827E32BB500E2A7BE /* ContentView.swift in Sources */ = {isa = PBXBuildFile; fileRef = D9D92A7727E32BB500E2A7BE /* ContentView.swift */; };
		D9D92A7A27E32BB600E2A7BE /* Assets.xcassets in Resources */ = {isa = PBXBuildFile; fileRef = D9D92A7927E32BB600E2A7BE /* Assets.xcassets */; };
		D9D92A7D27E32BB600E2A7BE /* Preview Assets.xcassets in Resources */ = {isa = PBXBuildFile; fileRef = D9D92A7C27E32BB600E2A7BE /* Preview Assets.xcassets */; };
		D9D92A8527E32BCF00E2A7BE /* Main.xcdatamodeld in Sources */ = {isa = PBXBuildFile; fileRef = D9D92A8327E32BCF00E2A7BE /* Main.xcdatamodeld */; };
		D9D92A8727E32CDC00E2A7BE /* DataController.swift in Sources */ = {isa = PBXBuildFile; fileRef = D9D92A8627E32CDC00E2A7BE /* DataController.swift */; };
		D9D92A8927E32D7C00E2A7BE /* HomeView.swift in Sources */ = {isa = PBXBuildFile; fileRef = D9D92A8827E32D7C00E2A7BE /* HomeView.swift */; };
		D9D92A8B27E32D9400E2A7BE /* ProjectsView.swift in Sources */ = {isa = PBXBuildFile; fileRef = D9D92A8A27E32D9400E2A7BE /* ProjectsView.swift */; };
/* End PBXBuildFile section */

/* Begin PBXFileReference section */
		D997C6AB27E41FB9006F757C /* Item-CoreDataHelpers.swift */ = {isa = PBXFileReference; lastKnownFileType = sourcecode.swift; path = "Item-CoreDataHelpers.swift"; sourceTree = "<group>"; };
		D997C6AD27E4209A006F757C /* Project-CoreDataHelpers.swift */ = {isa = PBXFileReference; lastKnownFileType = sourcecode.swift; path = "Project-CoreDataHelpers.swift"; sourceTree = "<group>"; };
		D997C6AF27E42A5F006F757C /* EditItemView.swift */ = {isa = PBXFileReference; lastKnownFileType = sourcecode.swift; path = EditItemView.swift; sourceTree = "<group>"; };
		D9D92A7227E32BB500E2A7BE /* Portfolio.app */ = {isa = PBXFileReference; explicitFileType = wrapper.application; includeInIndex = 0; path = Portfolio.app; sourceTree = BUILT_PRODUCTS_DIR; };
		D9D92A7527E32BB500E2A7BE /* PortfolioApp.swift */ = {isa = PBXFileReference; lastKnownFileType = sourcecode.swift; path = PortfolioApp.swift; sourceTree = "<group>"; };
		D9D92A7727E32BB500E2A7BE /* ContentView.swift */ = {isa = PBXFileReference; lastKnownFileType = sourcecode.swift; path = ContentView.swift; sourceTree = "<group>"; };
		D9D92A7927E32BB600E2A7BE /* Assets.xcassets */ = {isa = PBXFileReference; lastKnownFileType = folder.assetcatalog; path = Assets.xcassets; sourceTree = "<group>"; };
		D9D92A7C27E32BB600E2A7BE /* Preview Assets.xcassets */ = {isa = PBXFileReference; lastKnownFileType = folder.assetcatalog; path = "Preview Assets.xcassets"; sourceTree = "<group>"; };
		D9D92A8427E32BCF00E2A7BE /* Main.xcdatamodel */ = {isa = PBXFileReference; lastKnownFileType = wrapper.xcdatamodel; path = Main.xcdatamodel; sourceTree = "<group>"; };
		D9D92A8627E32CDC00E2A7BE /* DataController.swift */ = {isa = PBXFileReference; lastKnownFileType = sourcecode.swift; path = DataController.swift; sourceTree = "<group>"; };
		D9D92A8827E32D7C00E2A7BE /* HomeView.swift */ = {isa = PBXFileReference; lastKnownFileType = sourcecode.swift; path = HomeView.swift; sourceTree = "<group>"; };
		D9D92A8A27E32D9400E2A7BE /* ProjectsView.swift */ = {isa = PBXFileReference; lastKnownFileType = sourcecode.swift; path = ProjectsView.swift; sourceTree = "<group>"; };
/* End PBXFileReference section */

/* Begin PBXFrameworksBuildPhase section */
		D9D92A6F27E32BB500E2A7BE /* Frameworks */ = {
			isa = PBXFrameworksBuildPhase;
			buildActionMask = 2147483647;
			files = (
			);
			runOnlyForDeploymentPostprocessing = 0;
		};
/* End PBXFrameworksBuildPhase section */

/* Begin PBXGroup section */
		D9D92A6927E32BB500E2A7BE = {
			isa = PBXGroup;
			children = (
				D9D92A7427E32BB500E2A7BE /* Portfolio */,
				D9D92A7327E32BB500E2A7BE /* Products */,
			);
			sourceTree = "<group>";
		};
		D9D92A7327E32BB500E2A7BE /* Products */ = {
			isa = PBXGroup;
			children = (
				D9D92A7227E32BB500E2A7BE /* Portfolio.app */,
			);
			name = Products;
			sourceTree = "<group>";
		};
		D9D92A7427E32BB500E2A7BE /* Portfolio */ = {
			isa = PBXGroup;
			children = (
				D9D92A7527E32BB500E2A7BE /* PortfolioApp.swift */,
				D9D92A8827E32D7C00E2A7BE /* HomeView.swift */,
				D9D92A8A27E32D9400E2A7BE /* ProjectsView.swift */,
				D9D92A8627E32CDC00E2A7BE /* DataController.swift */,
				D997C6AF27E42A5F006F757C /* EditItemView.swift */,
				D997C6AB27E41FB9006F757C /* Item-CoreDataHelpers.swift */,
				D997C6AD27E4209A006F757C /* Project-CoreDataHelpers.swift */,
				D9D92A7727E32BB500E2A7BE /* ContentView.swift */,
				D9D92A8327E32BCF00E2A7BE /* Main.xcdatamodeld */,
				D9D92A7927E32BB600E2A7BE /* Assets.xcassets */,
				D9D92A7B27E32BB600E2A7BE /* Preview Content */,
			);
			path = Portfolio;
			sourceTree = "<group>";
		};
		D9D92A7B27E32BB600E2A7BE /* Preview Content */ = {
			isa = PBXGroup;
			children = (
				D9D92A7C27E32BB600E2A7BE /* Preview Assets.xcassets */,
			);
			path = "Preview Content";
			sourceTree = "<group>";
		};
/* End PBXGroup section */

/* Begin PBXNativeTarget section */
		D9D92A7127E32BB500E2A7BE /* Portfolio */ = {
			isa = PBXNativeTarget;
			buildConfigurationList = D9D92A8027E32BB600E2A7BE /* Build configuration list for PBXNativeTarget "Portfolio" */;
			buildPhases = (
				D9D92A6E27E32BB500E2A7BE /* Sources */,
				D9D92A6F27E32BB500E2A7BE /* Frameworks */,
				D9D92A7027E32BB500E2A7BE /* Resources */,
			);
			buildRules = (
			);
			dependencies = (
			);
			name = Portfolio;
			productName = Portfolio;
			productReference = D9D92A7227E32BB500E2A7BE /* Portfolio.app */;
			productType = "com.apple.product-type.application";
		};
/* End PBXNativeTarget section */

/* Begin PBXProject section */
		D9D92A6A27E32BB500E2A7BE /* Project object */ = {
			isa = PBXProject;
			attributes = {
				BuildIndependentTargetsInParallel = 1;
				LastSwiftUpdateCheck = 1330;
				LastUpgradeCheck = 1330;
				TargetAttributes = {
					D9D92A7127E32BB500E2A7BE = {
						CreatedOnToolsVersion = 13.3;
					};
				};
			};
			buildConfigurationList = D9D92A6D27E32BB500E2A7BE /* Build configuration list for PBXProject "Portfolio" */;
			compatibilityVersion = "Xcode 13.0";
			developmentRegion = en;
			hasScannedForEncodings = 0;
			knownRegions = (
				en,
				Base,
			);
			mainGroup = D9D92A6927E32BB500E2A7BE;
			productRefGroup = D9D92A7327E32BB500E2A7BE /* Products */;
			projectDirPath = "";
			projectRoot = "";
			targets = (
				D9D92A7127E32BB500E2A7BE /* Portfolio */,
			);
		};
/* End PBXProject section */

/* Begin PBXResourcesBuildPhase section */
		D9D92A7027E32BB500E2A7BE /* Resources */ = {
			isa = PBXResourcesBuildPhase;
			buildActionMask = 2147483647;
			files = (
				D9D92A7D27E32BB600E2A7BE /* Preview Assets.xcassets in Resources */,
				D9D92A7A27E32BB600E2A7BE /* Assets.xcassets in Resources */,
			);
			runOnlyForDeploymentPostprocessing = 0;
		};
/* End PBXResourcesBuildPhase section */

/* Begin PBXSourcesBuildPhase section */
		D9D92A6E27E32BB500E2A7BE /* Sources */ = {
			isa = PBXSourcesBuildPhase;
			buildActionMask = 2147483647;
			files = (
				D9D92A8B27E32D9400E2A7BE /* ProjectsView.swift in Sources */,
				D9D92A8527E32BCF00E2A7BE /* Main.xcdatamodeld in Sources */,
				D997C6AE27E4209A006F757C /* Project-CoreDataHelpers.swift in Sources */,
				D9D92A8727E32CDC00E2A7BE /* DataController.swift in Sources */,
				D9D92A7827E32BB500E2A7BE /* ContentView.swift in Sources */,
				D9D92A8927E32D7C00E2A7BE /* HomeView.swift in Sources */,
				D9D92A7627E32BB500E2A7BE /* PortfolioApp.swift in Sources */,
				D997C6AC27E41FB9006F757C /* Item-CoreDataHelpers.swift in Sources */,
				D997C6B027E42A5F006F757C /* EditItemView.swift in Sources */,
			);
			runOnlyForDeploymentPostprocessing = 0;
		};
/* End PBXSourcesBuildPhase section */

/* Begin XCBuildConfiguration section */
		D9D92A7E27E32BB600E2A7BE /* Debug */ = {
			isa = XCBuildConfiguration;
			buildSettings = {
				ALWAYS_SEARCH_USER_PATHS = NO;
				CLANG_ANALYZER_NONNULL = YES;
				CLANG_ANALYZER_NUMBER_OBJECT_CONVERSION = YES_AGGRESSIVE;
				CLANG_CXX_LANGUAGE_STANDARD = "gnu++17";
				CLANG_ENABLE_MODULES = YES;
				CLANG_ENABLE_OBJC_ARC = YES;
				CLANG_ENABLE_OBJC_WEAK = YES;
				CLANG_WARN_BLOCK_CAPTURE_AUTORELEASING = YES;
				CLANG_WARN_BOOL_CONVERSION = YES;
				CLANG_WARN_COMMA = YES;
				CLANG_WARN_CONSTANT_CONVERSION = YES;
				CLANG_WARN_DEPRECATED_OBJC_IMPLEMENTATIONS = YES;
				CLANG_WARN_DIRECT_OBJC_ISA_USAGE = YES_ERROR;
				CLANG_WARN_DOCUMENTATION_COMMENTS = YES;
				CLANG_WARN_EMPTY_BODY = YES;
				CLANG_WARN_ENUM_CONVERSION = YES;
				CLANG_WARN_INFINITE_RECURSION = YES;
				CLANG_WARN_INT_CONVERSION = YES;
				CLANG_WARN_NON_LITERAL_NULL_CONVERSION = YES;
				CLANG_WARN_OBJC_IMPLICIT_RETAIN_SELF = YES;
				CLANG_WARN_OBJC_LITERAL_CONVERSION = YES;
				CLANG_WARN_OBJC_ROOT_CLASS = YES_ERROR;
				CLANG_WARN_QUOTED_INCLUDE_IN_FRAMEWORK_HEADER = YES;
				CLANG_WARN_RANGE_LOOP_ANALYSIS = YES;
				CLANG_WARN_STRICT_PROTOTYPES = YES;
				CLANG_WARN_SUSPICIOUS_MOVE = YES;
				CLANG_WARN_UNGUARDED_AVAILABILITY = YES_AGGRESSIVE;
				CLANG_WARN_UNREACHABLE_CODE = YES;
				CLANG_WARN__DUPLICATE_METHOD_MATCH = YES;
				COPY_PHASE_STRIP = NO;
				DEBUG_INFORMATION_FORMAT = dwarf;
				ENABLE_STRICT_OBJC_MSGSEND = YES;
				ENABLE_TESTABILITY = YES;
				GCC_C_LANGUAGE_STANDARD = gnu11;
				GCC_DYNAMIC_NO_PIC = NO;
				GCC_NO_COMMON_BLOCKS = YES;
				GCC_OPTIMIZATION_LEVEL = 0;
				GCC_PREPROCESSOR_DEFINITIONS = (
					"DEBUG=1",
					"$(inherited)",
				);
				GCC_WARN_64_TO_32_BIT_CONVERSION = YES;
				GCC_WARN_ABOUT_RETURN_TYPE = YES_ERROR;
				GCC_WARN_UNDECLARED_SELECTOR = YES;
				GCC_WARN_UNINITIALIZED_AUTOS = YES_AGGRESSIVE;
				GCC_WARN_UNUSED_FUNCTION = YES;
				GCC_WARN_UNUSED_VARIABLE = YES;
				IPHONEOS_DEPLOYMENT_TARGET = 15.4;
				MTL_ENABLE_DEBUG_INFO = INCLUDE_SOURCE;
				MTL_FAST_MATH = YES;
				ONLY_ACTIVE_ARCH = YES;
				SDKROOT = iphoneos;
				SWIFT_ACTIVE_COMPILATION_CONDITIONS = DEBUG;
				SWIFT_OPTIMIZATION_LEVEL = "-Onone";
			};
			name = Debug;
		};
		D9D92A7F27E32BB600E2A7BE /* Release */ = {
			isa = XCBuildConfiguration;
			buildSettings = {
				ALWAYS_SEARCH_USER_PATHS = NO;
				CLANG_ANALYZER_NONNULL = YES;
				CLANG_ANALYZER_NUMBER_OBJECT_CONVERSION = YES_AGGRESSIVE;
				CLANG_CXX_LANGUAGE_STANDARD = "gnu++17";
				CLANG_ENABLE_MODULES = YES;
				CLANG_ENABLE_OBJC_ARC = YES;
				CLANG_ENABLE_OBJC_WEAK = YES;
				CLANG_WARN_BLOCK_CAPTURE_AUTORELEASING = YES;
				CLANG_WARN_BOOL_CONVERSION = YES;
				CLANG_WARN_COMMA = YES;
				CLANG_WARN_CONSTANT_CONVERSION = YES;
				CLANG_WARN_DEPRECATED_OBJC_IMPLEMENTATIONS = YES;
				CLANG_WARN_DIRECT_OBJC_ISA_USAGE = YES_ERROR;
				CLANG_WARN_DOCUMENTATION_COMMENTS = YES;
				CLANG_WARN_EMPTY_BODY = YES;
				CLANG_WARN_ENUM_CONVERSION = YES;
				CLANG_WARN_INFINITE_RECURSION = YES;
				CLANG_WARN_INT_CONVERSION = YES;
				CLANG_WARN_NON_LITERAL_NULL_CONVERSION = YES;
				CLANG_WARN_OBJC_IMPLICIT_RETAIN_SELF = YES;
				CLANG_WARN_OBJC_LITERAL_CONVERSION = YES;
				CLANG_WARN_OBJC_ROOT_CLASS = YES_ERROR;
				CLANG_WARN_QUOTED_INCLUDE_IN_FRAMEWORK_HEADER = YES;
				CLANG_WARN_RANGE_LOOP_ANALYSIS = YES;
				CLANG_WARN_STRICT_PROTOTYPES = YES;
				CLANG_WARN_SUSPICIOUS_MOVE = YES;
				CLANG_WARN_UNGUARDED_AVAILABILITY = YES_AGGRESSIVE;
				CLANG_WARN_UNREACHABLE_CODE = YES;
				CLANG_WARN__DUPLICATE_METHOD_MATCH = YES;
				COPY_PHASE_STRIP = NO;
				DEBUG_INFORMATION_FORMAT = "dwarf-with-dsym";
				ENABLE_NS_ASSERTIONS = NO;
				ENABLE_STRICT_OBJC_MSGSEND = YES;
				GCC_C_LANGUAGE_STANDARD = gnu11;
				GCC_NO_COMMON_BLOCKS = YES;
				GCC_WARN_64_TO_32_BIT_CONVERSION = YES;
				GCC_WARN_ABOUT_RETURN_TYPE = YES_ERROR;
				GCC_WARN_UNDECLARED_SELECTOR = YES;
				GCC_WARN_UNINITIALIZED_AUTOS = YES_AGGRESSIVE;
				GCC_WARN_UNUSED_FUNCTION = YES;
				GCC_WARN_UNUSED_VARIABLE = YES;
				IPHONEOS_DEPLOYMENT_TARGET = 15.4;
				MTL_ENABLE_DEBUG_INFO = NO;
				MTL_FAST_MATH = YES;
				SDKROOT = iphoneos;
				SWIFT_COMPILATION_MODE = wholemodule;
				SWIFT_OPTIMIZATION_LEVEL = "-O";
				VALIDATE_PRODUCT = YES;
			};
			name = Release;
		};
		D9D92A8127E32BB600E2A7BE /* Debug */ = {
			isa = XCBuildConfiguration;
			buildSettings = {
				ASSETCATALOG_COMPILER_APPICON_NAME = AppIcon;
				ASSETCATALOG_COMPILER_GLOBAL_ACCENT_COLOR_NAME = AccentColor;
				CODE_SIGN_STYLE = Automatic;
				CURRENT_PROJECT_VERSION = 1;
				DEVELOPMENT_ASSET_PATHS = "\"Portfolio/Preview Content\"";
				DEVELOPMENT_TEAM = S5UQWNYJJ2;
				ENABLE_PREVIEWS = YES;
				GENERATE_INFOPLIST_FILE = YES;
				INFOPLIST_KEY_UIApplicationSceneManifest_Generation = YES;
				INFOPLIST_KEY_UIApplicationSupportsIndirectInputEvents = YES;
				INFOPLIST_KEY_UILaunchScreen_Generation = YES;
				INFOPLIST_KEY_UISupportedInterfaceOrientations_iPad = "UIInterfaceOrientationPortrait UIInterfaceOrientationPortraitUpsideDown UIInterfaceOrientationLandscapeLeft UIInterfaceOrientationLandscapeRight";
				INFOPLIST_KEY_UISupportedInterfaceOrientations_iPhone = "UIInterfaceOrientationPortrait UIInterfaceOrientationLandscapeLeft UIInterfaceOrientationLandscapeRight";
				LD_RUNPATH_SEARCH_PATHS = (
					"$(inherited)",
					"@executable_path/Frameworks",
				);
				MARKETING_VERSION = 1.0;
				PRODUCT_BUNDLE_IDENTIFIER = RobynChau.Portfolio;
				PRODUCT_NAME = "$(TARGET_NAME)";
				SWIFT_EMIT_LOC_STRINGS = YES;
				SWIFT_VERSION = 5.0;
				TARGETED_DEVICE_FAMILY = "1,2";
			};
			name = Debug;
		};
		D9D92A8227E32BB600E2A7BE /* Release */ = {
			isa = XCBuildConfiguration;
			buildSettings = {
				ASSETCATALOG_COMPILER_APPICON_NAME = AppIcon;
				ASSETCATALOG_COMPILER_GLOBAL_ACCENT_COLOR_NAME = AccentColor;
				CODE_SIGN_STYLE = Automatic;
				CURRENT_PROJECT_VERSION = 1;
				DEVELOPMENT_ASSET_PATHS = "\"Portfolio/Preview Content\"";
				DEVELOPMENT_TEAM = S5UQWNYJJ2;
				ENABLE_PREVIEWS = YES;
				GENERATE_INFOPLIST_FILE = YES;
				INFOPLIST_KEY_UIApplicationSceneManifest_Generation = YES;
				INFOPLIST_KEY_UIApplicationSupportsIndirectInputEvents = YES;
				INFOPLIST_KEY_UILaunchScreen_Generation = YES;
				INFOPLIST_KEY_UISupportedInterfaceOrientations_iPad = "UIInterfaceOrientationPortrait UIInterfaceOrientationPortraitUpsideDown UIInterfaceOrientationLandscapeLeft UIInterfaceOrientationLandscapeRight";
				INFOPLIST_KEY_UISupportedInterfaceOrientations_iPhone = "UIInterfaceOrientationPortrait UIInterfaceOrientationLandscapeLeft UIInterfaceOrientationLandscapeRight";
				LD_RUNPATH_SEARCH_PATHS = (
					"$(inherited)",
					"@executable_path/Frameworks",
				);
				MARKETING_VERSION = 1.0;
				PRODUCT_BUNDLE_IDENTIFIER = RobynChau.Portfolio;
				PRODUCT_NAME = "$(TARGET_NAME)";
				SWIFT_EMIT_LOC_STRINGS = YES;
				SWIFT_VERSION = 5.0;
				TARGETED_DEVICE_FAMILY = "1,2";
			};
			name = Release;
		};
/* End XCBuildConfiguration section */

/* Begin XCConfigurationList section */
		D9D92A6D27E32BB500E2A7BE /* Build configuration list for PBXProject "Portfolio" */ = {
			isa = XCConfigurationList;
			buildConfigurations = (
				D9D92A7E27E32BB600E2A7BE /* Debug */,
				D9D92A7F27E32BB600E2A7BE /* Release */,
			);
			defaultConfigurationIsVisible = 0;
			defaultConfigurationName = Release;
		};
		D9D92A8027E32BB600E2A7BE /* Build configuration list for PBXNativeTarget "Portfolio" */ = {
			isa = XCConfigurationList;
			buildConfigurations = (
				D9D92A8127E32BB600E2A7BE /* Debug */,
				D9D92A8227E32BB600E2A7BE /* Release */,
			);
			defaultConfigurationIsVisible = 0;
			defaultConfigurationName = Release;
		};
/* End XCConfigurationList section */

/* Begin XCVersionGroup section */
		D9D92A8327E32BCF00E2A7BE /* Main.xcdatamodeld */ = {
			isa = XCVersionGroup;
			children = (
				D9D92A8427E32BCF00E2A7BE /* Main.xcdatamodel */,
			);
			currentVersion = D9D92A8427E32BCF00E2A7BE /* Main.xcdatamodel */;
			path = Main.xcdatamodeld;
			sourceTree = "<group>";
			versionGroupType = wrapper.xcdatamodel;
		};
/* End XCVersionGroup section */
	};
	rootObject = D9D92A6A27E32BB500E2A7BE /* Project object */;
}
