// !$*UTF8*$!
{
	archiveVersion = 1;
	classes = {
	};
	objectVersion = 54;
	objects = {

/* Begin PBXBuildFile section */
		D94173AC27F0DF9200BD94A8 /* Main.xcdatamodeld in Sources */ = {isa = PBXBuildFile; fileRef = D9D92A8327E32BCF00E2A7BE /* Main.xcdatamodeld */; };
		D94173AD27F0DF9800BD94A8 /* DataController.swift in Sources */ = {isa = PBXBuildFile; fileRef = D9D92A8627E32CDC00E2A7BE /* DataController.swift */; };
		D94173AE27F0DF9C00BD94A8 /* Item-CoreDataHelpers.swift in Sources */ = {isa = PBXBuildFile; fileRef = D997C6AB27E41FB9006F757C /* Item-CoreDataHelpers.swift */; };
		D94173B027F0DFBE00BD94A8 /* DataController-Reminders.swift in Sources */ = {isa = PBXBuildFile; fileRef = D94173AF27F0DFBE00BD94A8 /* DataController-Reminders.swift */; };
		D94173B227F0DFF600BD94A8 /* DataController-Awards.swift in Sources */ = {isa = PBXBuildFile; fileRef = D94173B127F0DFF600BD94A8 /* DataController-Awards.swift */; };
		D947F65D27EE2D04009CDF92 /* AppDelegate.swift in Sources */ = {isa = PBXBuildFile; fileRef = D947F65C27EE2D04009CDF92 /* AppDelegate.swift */; };
		D947F65F27EE2D0E009CDF92 /* SceneDelegate.swift in Sources */ = {isa = PBXBuildFile; fileRef = D947F65E27EE2D0E009CDF92 /* SceneDelegate.swift */; };
		D963815D27F0DEC40092C16D /* WidgetKit.framework in Frameworks */ = {isa = PBXBuildFile; fileRef = D963815C27F0DEC40092C16D /* WidgetKit.framework */; };
		D963815F27F0DEC40092C16D /* SwiftUI.framework in Frameworks */ = {isa = PBXBuildFile; fileRef = D963815E27F0DEC40092C16D /* SwiftUI.framework */; };
		D963816227F0DEC40092C16D /* PortfolioWidget.swift in Sources */ = {isa = PBXBuildFile; fileRef = D963816127F0DEC40092C16D /* PortfolioWidget.swift */; };
		D963816427F0DEC50092C16D /* Assets.xcassets in Resources */ = {isa = PBXBuildFile; fileRef = D963816327F0DEC50092C16D /* Assets.xcassets */; };
		D963816827F0DEC50092C16D /* PortfolioWidgetExtension.appex in Embed App Extensions */ = {isa = PBXBuildFile; fileRef = D963815A27F0DEC40092C16D /* PortfolioWidgetExtension.appex */; settings = {ATTRIBUTES = (RemoveHeadersOnCopy, ); }; };
		D96EB82B27E43EC300C0DCB3 /* Colors.xcassets in Resources */ = {isa = PBXBuildFile; fileRef = D96EB82A27E43EC300C0DCB3 /* Colors.xcassets */; };
		D96EB82D27E43FED00C0DCB3 /* EditProjectsView.swift in Sources */ = {isa = PBXBuildFile; fileRef = D96EB82C27E43FED00C0DCB3 /* EditProjectsView.swift */; };
		D96EB83127E48C2700C0DCB3 /* Sequence-Sorting.swift in Sources */ = {isa = PBXBuildFile; fileRef = D96EB83027E48C2700C0DCB3 /* Sequence-Sorting.swift */; };
		D96EB84627E5DC3700C0DCB3 /* SelectSomethingView.swift in Sources */ = {isa = PBXBuildFile; fileRef = D96EB84527E5DC3700C0DCB3 /* SelectSomethingView.swift */; };
		D96EB84827E5DE5400C0DCB3 /* Bundle-Decodable.swift in Sources */ = {isa = PBXBuildFile; fileRef = D96EB84727E5DE5400C0DCB3 /* Bundle-Decodable.swift */; };
		D96EB84C27E63BB200C0DCB3 /* Award.swift in Sources */ = {isa = PBXBuildFile; fileRef = D96EB84B27E63BB200C0DCB3 /* Award.swift */; };
		D96EB84E27E63C4400C0DCB3 /* AwardsView.swift in Sources */ = {isa = PBXBuildFile; fileRef = D96EB84D27E63C4400C0DCB3 /* AwardsView.swift */; };
		D96EB85027E6449A00C0DCB3 /* Color-Additions.swift in Sources */ = {isa = PBXBuildFile; fileRef = D96EB84F27E6449900C0DCB3 /* Color-Additions.swift */; };
		D980D45C27ECCA970000DD41 /* UnlockManager.swift in Sources */ = {isa = PBXBuildFile; fileRef = D980D45B27ECCA970000DD41 /* UnlockManager.swift */; };
		D980D45F27ECDB7F0000DD41 /* SKProduct-LocalizedPrice.swift in Sources */ = {isa = PBXBuildFile; fileRef = D980D45E27ECDB7F0000DD41 /* SKProduct-LocalizedPrice.swift */; };
		D980D46127ED6FC80000DD41 /* PurchaseButton.swift in Sources */ = {isa = PBXBuildFile; fileRef = D980D46027ED6FC80000DD41 /* PurchaseButton.swift */; };
		D980D46327ED70AF0000DD41 /* ProductView.swift in Sources */ = {isa = PBXBuildFile; fileRef = D980D46227ED70AF0000DD41 /* ProductView.swift */; };
		D980D46527ED71FF0000DD41 /* UnlockView.swift in Sources */ = {isa = PBXBuildFile; fileRef = D980D46427ED71FF0000DD41 /* UnlockView.swift */; };
		D98BEA8A27E81A5300E90060 /* PortfolioTests.swift in Sources */ = {isa = PBXBuildFile; fileRef = D98BEA8927E81A5300E90060 /* PortfolioTests.swift */; };
		D98BEA9127E81BC600E90060 /* AssetsTests.swift in Sources */ = {isa = PBXBuildFile; fileRef = D98BEA9027E81BC600E90060 /* AssetsTests.swift */; };
		D98BEA9327E81E7700E90060 /* ProjectTests.swift in Sources */ = {isa = PBXBuildFile; fileRef = D98BEA9227E81E7700E90060 /* ProjectTests.swift */; };
		D98BEA9527E8228600E90060 /* AwardTests.swift in Sources */ = {isa = PBXBuildFile; fileRef = D98BEA9427E8228600E90060 /* AwardTests.swift */; };
		D98BEA9727E8276200E90060 /* DevelopmentTests.swift in Sources */ = {isa = PBXBuildFile; fileRef = D98BEA9627E8276200E90060 /* DevelopmentTests.swift */; };
		D98BEA9927E82F9E00E90060 /* ExtensionTests.swift in Sources */ = {isa = PBXBuildFile; fileRef = D98BEA9827E82F9E00E90060 /* ExtensionTests.swift */; };
		D98BEA9B27E8323200E90060 /* DecodableDictionary.json in Resources */ = {isa = PBXBuildFile; fileRef = D98BEA9A27E8323200E90060 /* DecodableDictionary.json */; };
		D98BEAA027E832AA00E90060 /* DecodableString.json in Resources */ = {isa = PBXBuildFile; fileRef = D98BEA9F27E832AA00E90060 /* DecodableString.json */; };
		D98BEAA227E838E200E90060 /* PerformanceTests.swift in Sources */ = {isa = PBXBuildFile; fileRef = D98BEAA127E838E200E90060 /* PerformanceTests.swift */; };
		D98BEAAB27E9BC1500E90060 /* PortfolioUITests.swift in Sources */ = {isa = PBXBuildFile; fileRef = D98BEAAA27E9BC1500E90060 /* PortfolioUITests.swift */; };
		D98BEAAD27E9BC1500E90060 /* PortfolioUITestsLaunchTests.swift in Sources */ = {isa = PBXBuildFile; fileRef = D98BEAAC27E9BC1500E90060 /* PortfolioUITestsLaunchTests.swift */; };
		D98BEAB427EA2D5F00E90060 /* ProjectsViewModel.swift in Sources */ = {isa = PBXBuildFile; fileRef = D98BEAB327EA2D5F00E90060 /* ProjectsViewModel.swift */; };
		D98BEAB627EA393800E90060 /* HomeViewModel.swift in Sources */ = {isa = PBXBuildFile; fileRef = D98BEAB527EA393800E90060 /* HomeViewModel.swift */; };
		D98BEAB827EA401600E90060 /* ItemRowViewModel.swift in Sources */ = {isa = PBXBuildFile; fileRef = D98BEAB727EA401600E90060 /* ItemRowViewModel.swift */; };
		D997C6AC27E41FB9006F757C /* Item-CoreDataHelpers.swift in Sources */ = {isa = PBXBuildFile; fileRef = D997C6AB27E41FB9006F757C /* Item-CoreDataHelpers.swift */; };
		D997C6AE27E4209A006F757C /* Project-CoreDataHelpers.swift in Sources */ = {isa = PBXBuildFile; fileRef = D997C6AD27E4209A006F757C /* Project-CoreDataHelpers.swift */; };
		D997C6B027E42A5F006F757C /* EditItemView.swift in Sources */ = {isa = PBXBuildFile; fileRef = D997C6AF27E42A5F006F757C /* EditItemView.swift */; };
		D997C6B227E434EE006F757C /* ItemRowView.swift in Sources */ = {isa = PBXBuildFile; fileRef = D997C6B127E434EE006F757C /* ItemRowView.swift */; };
		D997C6B427E43712006F757C /* Binding-OnChange.swift in Sources */ = {isa = PBXBuildFile; fileRef = D997C6B327E43712006F757C /* Binding-OnChange.swift */; };
		D997C6B627E43BBB006F757C /* ProjectHeaderView.swift in Sources */ = {isa = PBXBuildFile; fileRef = D997C6B527E43BBB006F757C /* ProjectHeaderView.swift */; };
		D9D0AC2227E65FC1001C8ADE /* Localizable.strings in Resources */ = {isa = PBXBuildFile; fileRef = D9D0AC2427E65FC1001C8ADE /* Localizable.strings */; };
		D9D0AC2627E66049001C8ADE /* Localizable.stringsdict in Resources */ = {isa = PBXBuildFile; fileRef = D9D0AC2827E66049001C8ADE /* Localizable.stringsdict */; };
		D9D0AC2A27E66102001C8ADE /* Awards.json in Resources */ = {isa = PBXBuildFile; fileRef = D9D0AC2C27E66102001C8ADE /* Awards.json */; };
		D9D0AC3227E70821001C8ADE /* ItemListView.swift in Sources */ = {isa = PBXBuildFile; fileRef = D9D0AC3127E70821001C8ADE /* ItemListView.swift */; };
		D9D0AC3427E708C8001C8ADE /* ProjectSummaryView.swift in Sources */ = {isa = PBXBuildFile; fileRef = D9D0AC3327E708C8001C8ADE /* ProjectSummaryView.swift */; };
		D9D92A7627E32BB500E2A7BE /* PortfolioApp.swift in Sources */ = {isa = PBXBuildFile; fileRef = D9D92A7527E32BB500E2A7BE /* PortfolioApp.swift */; };
		D9D92A7827E32BB500E2A7BE /* ContentView.swift in Sources */ = {isa = PBXBuildFile; fileRef = D9D92A7727E32BB500E2A7BE /* ContentView.swift */; };
		D9D92A7A27E32BB600E2A7BE /* Assets.xcassets in Resources */ = {isa = PBXBuildFile; fileRef = D9D92A7927E32BB600E2A7BE /* Assets.xcassets */; };
		D9D92A7D27E32BB600E2A7BE /* Preview Assets.xcassets in Resources */ = {isa = PBXBuildFile; fileRef = D9D92A7C27E32BB600E2A7BE /* Preview Assets.xcassets */; };
		D9D92A8527E32BCF00E2A7BE /* Main.xcdatamodeld in Sources */ = {isa = PBXBuildFile; fileRef = D9D92A8327E32BCF00E2A7BE /* Main.xcdatamodeld */; };
		D9D92A8727E32CDC00E2A7BE /* DataController.swift in Sources */ = {isa = PBXBuildFile; fileRef = D9D92A8627E32CDC00E2A7BE /* DataController.swift */; };
		D9D92A8927E32D7C00E2A7BE /* HomeView.swift in Sources */ = {isa = PBXBuildFile; fileRef = D9D92A8827E32D7C00E2A7BE /* HomeView.swift */; };
		D9D92A8B27E32D9400E2A7BE /* ProjectsView.swift in Sources */ = {isa = PBXBuildFile; fileRef = D9D92A8A27E32D9400E2A7BE /* ProjectsView.swift */; };
/* End PBXBuildFile section */

/* Begin PBXContainerItemProxy section */
		D963816627F0DEC50092C16D /* PBXContainerItemProxy */ = {
			isa = PBXContainerItemProxy;
			containerPortal = D9D92A6A27E32BB500E2A7BE /* Project object */;
			proxyType = 1;
			remoteGlobalIDString = D963815927F0DEC40092C16D;
			remoteInfo = PortfolioWidgetExtension;
		};
		D98BEA8B27E81A5300E90060 /* PBXContainerItemProxy */ = {
			isa = PBXContainerItemProxy;
			containerPortal = D9D92A6A27E32BB500E2A7BE /* Project object */;
			proxyType = 1;
			remoteGlobalIDString = D9D92A7127E32BB500E2A7BE;
			remoteInfo = Portfolio;
		};
		D98BEAAE27E9BC1500E90060 /* PBXContainerItemProxy */ = {
			isa = PBXContainerItemProxy;
			containerPortal = D9D92A6A27E32BB500E2A7BE /* Project object */;
			proxyType = 1;
			remoteGlobalIDString = D9D92A7127E32BB500E2A7BE;
			remoteInfo = Portfolio;
		};
/* End PBXContainerItemProxy section */

/* Begin PBXCopyFilesBuildPhase section */
		D963816927F0DEC50092C16D /* Embed App Extensions */ = {
			isa = PBXCopyFilesBuildPhase;
			buildActionMask = 2147483647;
			dstPath = "";
			dstSubfolderSpec = 13;
			files = (
				D963816827F0DEC50092C16D /* PortfolioWidgetExtension.appex in Embed App Extensions */,
			);
			name = "Embed App Extensions";
			runOnlyForDeploymentPostprocessing = 0;
		};
/* End PBXCopyFilesBuildPhase section */

/* Begin PBXFileReference section */
		D94173AF27F0DFBE00BD94A8 /* DataController-Reminders.swift */ = {isa = PBXFileReference; lastKnownFileType = sourcecode.swift; path = "DataController-Reminders.swift"; sourceTree = "<group>"; };
		D94173B127F0DFF600BD94A8 /* DataController-Awards.swift */ = {isa = PBXFileReference; lastKnownFileType = sourcecode.swift; path = "DataController-Awards.swift"; sourceTree = "<group>"; };
		D94173B327F0E03B00BD94A8 /* Portfolio.entitlements */ = {isa = PBXFileReference; lastKnownFileType = text.plist.entitlements; path = Portfolio.entitlements; sourceTree = "<group>"; };
		D94173B427F0E04300BD94A8 /* PortfolioWidgetExtension.entitlements */ = {isa = PBXFileReference; lastKnownFileType = text.plist.entitlements; path = PortfolioWidgetExtension.entitlements; sourceTree = "<group>"; };
		D947F65A27EDBB23009CDF92 /* Info.plist */ = {isa = PBXFileReference; lastKnownFileType = text.plist.xml; path = Info.plist; sourceTree = "<group>"; };
		D947F65C27EE2D04009CDF92 /* AppDelegate.swift */ = {isa = PBXFileReference; lastKnownFileType = sourcecode.swift; path = AppDelegate.swift; sourceTree = "<group>"; };
		D947F65E27EE2D0E009CDF92 /* SceneDelegate.swift */ = {isa = PBXFileReference; lastKnownFileType = sourcecode.swift; path = SceneDelegate.swift; sourceTree = "<group>"; };
		D963815A27F0DEC40092C16D /* PortfolioWidgetExtension.appex */ = {isa = PBXFileReference; explicitFileType = "wrapper.app-extension"; includeInIndex = 0; path = PortfolioWidgetExtension.appex; sourceTree = BUILT_PRODUCTS_DIR; };
		D963815C27F0DEC40092C16D /* WidgetKit.framework */ = {isa = PBXFileReference; lastKnownFileType = wrapper.framework; name = WidgetKit.framework; path = System/Library/Frameworks/WidgetKit.framework; sourceTree = SDKROOT; };
		D963815E27F0DEC40092C16D /* SwiftUI.framework */ = {isa = PBXFileReference; lastKnownFileType = wrapper.framework; name = SwiftUI.framework; path = System/Library/Frameworks/SwiftUI.framework; sourceTree = SDKROOT; };
		D963816127F0DEC40092C16D /* PortfolioWidget.swift */ = {isa = PBXFileReference; lastKnownFileType = sourcecode.swift; path = PortfolioWidget.swift; sourceTree = "<group>"; };
		D963816327F0DEC50092C16D /* Assets.xcassets */ = {isa = PBXFileReference; lastKnownFileType = folder.assetcatalog; path = Assets.xcassets; sourceTree = "<group>"; };
		D963816527F0DEC50092C16D /* Info.plist */ = {isa = PBXFileReference; lastKnownFileType = text.plist.xml; path = Info.plist; sourceTree = "<group>"; };
		D96EB82A27E43EC300C0DCB3 /* Colors.xcassets */ = {isa = PBXFileReference; lastKnownFileType = folder.assetcatalog; path = Colors.xcassets; sourceTree = "<group>"; };
		D96EB82C27E43FED00C0DCB3 /* EditProjectsView.swift */ = {isa = PBXFileReference; lastKnownFileType = sourcecode.swift; path = EditProjectsView.swift; sourceTree = "<group>"; };
		D96EB83027E48C2700C0DCB3 /* Sequence-Sorting.swift */ = {isa = PBXFileReference; fileEncoding = 4; lastKnownFileType = sourcecode.swift; path = "Sequence-Sorting.swift"; sourceTree = "<group>"; };
		D96EB84527E5DC3700C0DCB3 /* SelectSomethingView.swift */ = {isa = PBXFileReference; lastKnownFileType = sourcecode.swift; path = SelectSomethingView.swift; sourceTree = "<group>"; };
		D96EB84727E5DE5400C0DCB3 /* Bundle-Decodable.swift */ = {isa = PBXFileReference; lastKnownFileType = sourcecode.swift; path = "Bundle-Decodable.swift"; sourceTree = "<group>"; };
		D96EB84B27E63BB200C0DCB3 /* Award.swift */ = {isa = PBXFileReference; lastKnownFileType = sourcecode.swift; path = Award.swift; sourceTree = "<group>"; };
		D96EB84D27E63C4400C0DCB3 /* AwardsView.swift */ = {isa = PBXFileReference; lastKnownFileType = sourcecode.swift; path = AwardsView.swift; sourceTree = "<group>"; };
		D96EB84F27E6449900C0DCB3 /* Color-Additions.swift */ = {isa = PBXFileReference; lastKnownFileType = sourcecode.swift; path = "Color-Additions.swift"; sourceTree = "<group>"; };
		D980D45B27ECCA970000DD41 /* UnlockManager.swift */ = {isa = PBXFileReference; lastKnownFileType = sourcecode.swift; path = UnlockManager.swift; sourceTree = "<group>"; };
		D980D45E27ECDB7F0000DD41 /* SKProduct-LocalizedPrice.swift */ = {isa = PBXFileReference; lastKnownFileType = sourcecode.swift; path = "SKProduct-LocalizedPrice.swift"; sourceTree = "<group>"; };
		D980D46027ED6FC80000DD41 /* PurchaseButton.swift */ = {isa = PBXFileReference; lastKnownFileType = sourcecode.swift; path = PurchaseButton.swift; sourceTree = "<group>"; };
		D980D46227ED70AF0000DD41 /* ProductView.swift */ = {isa = PBXFileReference; lastKnownFileType = sourcecode.swift; path = ProductView.swift; sourceTree = "<group>"; };
		D980D46427ED71FF0000DD41 /* UnlockView.swift */ = {isa = PBXFileReference; lastKnownFileType = sourcecode.swift; path = UnlockView.swift; sourceTree = "<group>"; };
		D980D46727ED7B200000DD41 /* Configuration.storekit */ = {isa = PBXFileReference; lastKnownFileType = text; path = Configuration.storekit; sourceTree = "<group>"; };
		D98BEA8727E81A5300E90060 /* PortfolioTests.xctest */ = {isa = PBXFileReference; explicitFileType = wrapper.cfbundle; includeInIndex = 0; path = PortfolioTests.xctest; sourceTree = BUILT_PRODUCTS_DIR; };
		D98BEA8927E81A5300E90060 /* PortfolioTests.swift */ = {isa = PBXFileReference; lastKnownFileType = sourcecode.swift; path = PortfolioTests.swift; sourceTree = "<group>"; };
		D98BEA9027E81BC600E90060 /* AssetsTests.swift */ = {isa = PBXFileReference; lastKnownFileType = sourcecode.swift; name = AssetsTests.swift; path = Portfolio/AssetsTests.swift; sourceTree = SOURCE_ROOT; };
		D98BEA9227E81E7700E90060 /* ProjectTests.swift */ = {isa = PBXFileReference; lastKnownFileType = sourcecode.swift; path = ProjectTests.swift; sourceTree = "<group>"; };
		D98BEA9427E8228600E90060 /* AwardTests.swift */ = {isa = PBXFileReference; lastKnownFileType = sourcecode.swift; path = AwardTests.swift; sourceTree = "<group>"; };
		D98BEA9627E8276200E90060 /* DevelopmentTests.swift */ = {isa = PBXFileReference; lastKnownFileType = sourcecode.swift; path = DevelopmentTests.swift; sourceTree = "<group>"; };
		D98BEA9827E82F9E00E90060 /* ExtensionTests.swift */ = {isa = PBXFileReference; lastKnownFileType = sourcecode.swift; path = ExtensionTests.swift; sourceTree = "<group>"; };
		D98BEA9A27E8323200E90060 /* DecodableDictionary.json */ = {isa = PBXFileReference; lastKnownFileType = text.json; path = DecodableDictionary.json; sourceTree = "<group>"; };
		D98BEA9F27E832AA00E90060 /* DecodableString.json */ = {isa = PBXFileReference; lastKnownFileType = text.json; path = DecodableString.json; sourceTree = "<group>"; };
		D98BEAA127E838E200E90060 /* PerformanceTests.swift */ = {isa = PBXFileReference; lastKnownFileType = sourcecode.swift; path = PerformanceTests.swift; sourceTree = "<group>"; };
		D98BEAA827E9BC1400E90060 /* PortfolioUITests.xctest */ = {isa = PBXFileReference; explicitFileType = wrapper.cfbundle; includeInIndex = 0; path = PortfolioUITests.xctest; sourceTree = BUILT_PRODUCTS_DIR; };
		D98BEAAA27E9BC1500E90060 /* PortfolioUITests.swift */ = {isa = PBXFileReference; lastKnownFileType = sourcecode.swift; path = PortfolioUITests.swift; sourceTree = "<group>"; };
		D98BEAAC27E9BC1500E90060 /* PortfolioUITestsLaunchTests.swift */ = {isa = PBXFileReference; lastKnownFileType = sourcecode.swift; path = PortfolioUITestsLaunchTests.swift; sourceTree = "<group>"; };
		D98BEAB327EA2D5F00E90060 /* ProjectsViewModel.swift */ = {isa = PBXFileReference; lastKnownFileType = sourcecode.swift; path = ProjectsViewModel.swift; sourceTree = "<group>"; };
		D98BEAB527EA393800E90060 /* HomeViewModel.swift */ = {isa = PBXFileReference; lastKnownFileType = sourcecode.swift; name = HomeViewModel.swift; path = Portfolio/Activities/Projects/HomeViewModel.swift; sourceTree = SOURCE_ROOT; };
		D98BEAB727EA401600E90060 /* ItemRowViewModel.swift */ = {isa = PBXFileReference; lastKnownFileType = sourcecode.swift; path = ItemRowViewModel.swift; sourceTree = "<group>"; };
		D997C6AB27E41FB9006F757C /* Item-CoreDataHelpers.swift */ = {isa = PBXFileReference; lastKnownFileType = sourcecode.swift; path = "Item-CoreDataHelpers.swift"; sourceTree = "<group>"; };
		D997C6AD27E4209A006F757C /* Project-CoreDataHelpers.swift */ = {isa = PBXFileReference; lastKnownFileType = sourcecode.swift; path = "Project-CoreDataHelpers.swift"; sourceTree = "<group>"; };
		D997C6AF27E42A5F006F757C /* EditItemView.swift */ = {isa = PBXFileReference; lastKnownFileType = sourcecode.swift; path = EditItemView.swift; sourceTree = "<group>"; };
		D997C6B127E434EE006F757C /* ItemRowView.swift */ = {isa = PBXFileReference; lastKnownFileType = sourcecode.swift; path = ItemRowView.swift; sourceTree = "<group>"; };
		D997C6B327E43712006F757C /* Binding-OnChange.swift */ = {isa = PBXFileReference; lastKnownFileType = sourcecode.swift; path = "Binding-OnChange.swift"; sourceTree = "<group>"; };
		D997C6B527E43BBB006F757C /* ProjectHeaderView.swift */ = {isa = PBXFileReference; lastKnownFileType = sourcecode.swift; path = ProjectHeaderView.swift; sourceTree = "<group>"; };
		D9D0AC2327E65FC1001C8ADE /* en */ = {isa = PBXFileReference; lastKnownFileType = text.plist.strings; name = en; path = en.lproj/Localizable.strings; sourceTree = "<group>"; };
		D9D0AC2527E65FD0001C8ADE /* hu */ = {isa = PBXFileReference; lastKnownFileType = text.plist.strings; name = hu; path = hu.lproj/Localizable.strings; sourceTree = "<group>"; };
		D9D0AC2727E66049001C8ADE /* en */ = {isa = PBXFileReference; lastKnownFileType = text.plist.stringsdict; name = en; path = en.lproj/Localizable.stringsdict; sourceTree = "<group>"; };
		D9D0AC2927E66050001C8ADE /* hu */ = {isa = PBXFileReference; lastKnownFileType = text.plist.stringsdict; name = hu; path = hu.lproj/Localizable.stringsdict; sourceTree = "<group>"; };
		D9D0AC2B27E66102001C8ADE /* en */ = {isa = PBXFileReference; lastKnownFileType = text.json; name = en; path = en.lproj/Awards.json; sourceTree = "<group>"; };
		D9D0AC2D27E66106001C8ADE /* hu */ = {isa = PBXFileReference; lastKnownFileType = text.json; name = hu; path = hu.lproj/Awards.json; sourceTree = "<group>"; };
		D9D0AC2E27E6615E001C8ADE /* vi */ = {isa = PBXFileReference; lastKnownFileType = text.plist.strings; name = vi; path = vi.lproj/Localizable.strings; sourceTree = "<group>"; };
		D9D0AC2F27E6615E001C8ADE /* vi */ = {isa = PBXFileReference; lastKnownFileType = text.plist.stringsdict; name = vi; path = vi.lproj/Localizable.stringsdict; sourceTree = "<group>"; };
		D9D0AC3027E6615E001C8ADE /* vi */ = {isa = PBXFileReference; lastKnownFileType = text.json; name = vi; path = vi.lproj/Awards.json; sourceTree = "<group>"; };
		D9D0AC3127E70821001C8ADE /* ItemListView.swift */ = {isa = PBXFileReference; lastKnownFileType = sourcecode.swift; path = ItemListView.swift; sourceTree = "<group>"; };
		D9D0AC3327E708C8001C8ADE /* ProjectSummaryView.swift */ = {isa = PBXFileReference; lastKnownFileType = sourcecode.swift; path = ProjectSummaryView.swift; sourceTree = "<group>"; };
		D9D92A7227E32BB500E2A7BE /* Portfolio.app */ = {isa = PBXFileReference; explicitFileType = wrapper.application; includeInIndex = 0; path = Portfolio.app; sourceTree = BUILT_PRODUCTS_DIR; };
		D9D92A7527E32BB500E2A7BE /* PortfolioApp.swift */ = {isa = PBXFileReference; lastKnownFileType = sourcecode.swift; path = PortfolioApp.swift; sourceTree = "<group>"; };
		D9D92A7727E32BB500E2A7BE /* ContentView.swift */ = {isa = PBXFileReference; lastKnownFileType = sourcecode.swift; path = ContentView.swift; sourceTree = "<group>"; };
		D9D92A7927E32BB600E2A7BE /* Assets.xcassets */ = {isa = PBXFileReference; lastKnownFileType = folder.assetcatalog; path = Assets.xcassets; sourceTree = "<group>"; };
		D9D92A7C27E32BB600E2A7BE /* Preview Assets.xcassets */ = {isa = PBXFileReference; lastKnownFileType = folder.assetcatalog; path = "Preview Assets.xcassets"; sourceTree = "<group>"; };
		D9D92A8427E32BCF00E2A7BE /* Main.xcdatamodel */ = {isa = PBXFileReference; lastKnownFileType = wrapper.xcdatamodel; path = Main.xcdatamodel; sourceTree = "<group>"; };
		D9D92A8627E32CDC00E2A7BE /* DataController.swift */ = {isa = PBXFileReference; lastKnownFileType = sourcecode.swift; path = DataController.swift; sourceTree = "<group>"; };
		D9D92A8827E32D7C00E2A7BE /* HomeView.swift */ = {isa = PBXFileReference; lastKnownFileType = sourcecode.swift; path = HomeView.swift; sourceTree = "<group>"; };
		D9D92A8A27E32D9400E2A7BE /* ProjectsView.swift */ = {isa = PBXFileReference; lastKnownFileType = sourcecode.swift; path = ProjectsView.swift; sourceTree = "<group>"; };
/* End PBXFileReference section */

/* Begin PBXFrameworksBuildPhase section */
		D963815727F0DEC40092C16D /* Frameworks */ = {
			isa = PBXFrameworksBuildPhase;
			buildActionMask = 2147483647;
			files = (
				D963815F27F0DEC40092C16D /* SwiftUI.framework in Frameworks */,
				D963815D27F0DEC40092C16D /* WidgetKit.framework in Frameworks */,
			);
			runOnlyForDeploymentPostprocessing = 0;
		};
		D98BEA8427E81A5300E90060 /* Frameworks */ = {
			isa = PBXFrameworksBuildPhase;
			buildActionMask = 2147483647;
			files = (
			);
			runOnlyForDeploymentPostprocessing = 0;
		};
		D98BEAA527E9BC1400E90060 /* Frameworks */ = {
			isa = PBXFrameworksBuildPhase;
			buildActionMask = 2147483647;
			files = (
			);
			runOnlyForDeploymentPostprocessing = 0;
		};
		D9D92A6F27E32BB500E2A7BE /* Frameworks */ = {
			isa = PBXFrameworksBuildPhase;
			buildActionMask = 2147483647;
			files = (
			);
			runOnlyForDeploymentPostprocessing = 0;
		};
/* End PBXFrameworksBuildPhase section */

/* Begin PBXGroup section */
		D963815B27F0DEC40092C16D /* Frameworks */ = {
			isa = PBXGroup;
			children = (
				D963815C27F0DEC40092C16D /* WidgetKit.framework */,
				D963815E27F0DEC40092C16D /* SwiftUI.framework */,
			);
			name = Frameworks;
			sourceTree = "<group>";
		};
		D963816027F0DEC40092C16D /* PortfolioWidget */ = {
			isa = PBXGroup;
			children = (
				D963816127F0DEC40092C16D /* PortfolioWidget.swift */,
				D963816327F0DEC50092C16D /* Assets.xcassets */,
				D963816527F0DEC50092C16D /* Info.plist */,
			);
			path = PortfolioWidget;
			sourceTree = "<group>";
		};
		D980D46627ED785D0000DD41 /* Unlock */ = {
			isa = PBXGroup;
			children = (
				D980D46227ED70AF0000DD41 /* ProductView.swift */,
				D980D46027ED6FC80000DD41 /* PurchaseButton.swift */,
				D980D45B27ECCA970000DD41 /* UnlockManager.swift */,
				D980D46427ED71FF0000DD41 /* UnlockView.swift */,
			);
			path = Unlock;
			sourceTree = "<group>";
		};
		D98BEA7927E79C4A00E90060 /* Extensions */ = {
			isa = PBXGroup;
			children = (
				D96EB84727E5DE5400C0DCB3 /* Bundle-Decodable.swift */,
				D96EB83027E48C2700C0DCB3 /* Sequence-Sorting.swift */,
				D997C6B327E43712006F757C /* Binding-OnChange.swift */,
				D96EB84F27E6449900C0DCB3 /* Color-Additions.swift */,
				D997C6AD27E4209A006F757C /* Project-CoreDataHelpers.swift */,
				D997C6AB27E41FB9006F757C /* Item-CoreDataHelpers.swift */,
				D980D45E27ECDB7F0000DD41 /* SKProduct-LocalizedPrice.swift */,
			);
			path = Extensions;
			sourceTree = "<group>";
		};
		D98BEA7A27E79C5400E90060 /* Localization */ = {
			isa = PBXGroup;
			children = (
				D9D0AC2427E65FC1001C8ADE /* Localizable.strings */,
				D9D0AC2827E66049001C8ADE /* Localizable.stringsdict */,
			);
			path = Localization;
			sourceTree = "<group>";
		};
		D98BEA7B27E79C6000E90060 /* Configuration */ = {
			isa = PBXGroup;
			children = (
				D947F65A27EDBB23009CDF92 /* Info.plist */,
				D9D92A8327E32BCF00E2A7BE /* Main.xcdatamodeld */,
				D980D46727ED7B200000DD41 /* Configuration.storekit */,
			);
			path = Configuration;
			sourceTree = "<group>";
		};
		D98BEA7F27E79D3100E90060 /* Activities */ = {
			isa = PBXGroup;
			children = (
				D98BEA8127E79D4000E90060 /* Home */,
				D98BEA8027E79D3900E90060 /* Projects */,
				D98BEA8227E79D5300E90060 /* Awards */,
				D980D46627ED785D0000DD41 /* Unlock */,
			);
			path = Activities;
			sourceTree = "<group>";
		};
		D98BEA8027E79D3900E90060 /* Projects */ = {
			isa = PBXGroup;
			children = (
				D9D92A8A27E32D9400E2A7BE /* ProjectsView.swift */,
				D98BEAB327EA2D5F00E90060 /* ProjectsViewModel.swift */,
				D96EB84527E5DC3700C0DCB3 /* SelectSomethingView.swift */,
				D997C6B527E43BBB006F757C /* ProjectHeaderView.swift */,
				D997C6B127E434EE006F757C /* ItemRowView.swift */,
				D98BEAB727EA401600E90060 /* ItemRowViewModel.swift */,
				D96EB82C27E43FED00C0DCB3 /* EditProjectsView.swift */,
				D997C6AF27E42A5F006F757C /* EditItemView.swift */,
			);
			path = Projects;
			sourceTree = "<group>";
		};
		D98BEA8127E79D4000E90060 /* Home */ = {
			isa = PBXGroup;
			children = (
				D9D92A8827E32D7C00E2A7BE /* HomeView.swift */,
				D98BEAB527EA393800E90060 /* HomeViewModel.swift */,
				D9D0AC3327E708C8001C8ADE /* ProjectSummaryView.swift */,
				D9D0AC3127E70821001C8ADE /* ItemListView.swift */,
			);
			path = Home;
			sourceTree = "<group>";
		};
		D98BEA8227E79D5300E90060 /* Awards */ = {
			isa = PBXGroup;
			children = (
				D96EB84D27E63C4400C0DCB3 /* AwardsView.swift */,
				D96EB84B27E63BB200C0DCB3 /* Award.swift */,
				D9D0AC2C27E66102001C8ADE /* Awards.json */,
			);
			path = Awards;
			sourceTree = "<group>";
		};
		D98BEA8827E81A5300E90060 /* PortfolioTests */ = {
			isa = PBXGroup;
			children = (
				D98BEA9C27E8323700E90060 /* Fixtures */,
				D98BEA8927E81A5300E90060 /* PortfolioTests.swift */,
				D98BEA9027E81BC600E90060 /* AssetsTests.swift */,
				D98BEA9227E81E7700E90060 /* ProjectTests.swift */,
				D98BEA9427E8228600E90060 /* AwardTests.swift */,
				D98BEAA127E838E200E90060 /* PerformanceTests.swift */,
				D98BEA9627E8276200E90060 /* DevelopmentTests.swift */,
				D98BEA9827E82F9E00E90060 /* ExtensionTests.swift */,
			);
			path = PortfolioTests;
			sourceTree = "<group>";
		};
		D98BEA9C27E8323700E90060 /* Fixtures */ = {
			isa = PBXGroup;
			children = (
				D98BEA9A27E8323200E90060 /* DecodableDictionary.json */,
				D98BEA9F27E832AA00E90060 /* DecodableString.json */,
			);
			path = Fixtures;
			sourceTree = "<group>";
		};
		D98BEAA927E9BC1500E90060 /* PortfolioUITests */ = {
			isa = PBXGroup;
			children = (
				D98BEAAA27E9BC1500E90060 /* PortfolioUITests.swift */,
				D98BEAAC27E9BC1500E90060 /* PortfolioUITestsLaunchTests.swift */,
			);
			path = PortfolioUITests;
			sourceTree = "<group>";
		};
		D9D92A6927E32BB500E2A7BE = {
			isa = PBXGroup;
			children = (
				D94173B427F0E04300BD94A8 /* PortfolioWidgetExtension.entitlements */,
				D9D92A7427E32BB500E2A7BE /* Portfolio */,
				D98BEA8827E81A5300E90060 /* PortfolioTests */,
				D98BEAA927E9BC1500E90060 /* PortfolioUITests */,
				D963816027F0DEC40092C16D /* PortfolioWidget */,
				D963815B27F0DEC40092C16D /* Frameworks */,
				D9D92A7327E32BB500E2A7BE /* Products */,
			);
			sourceTree = "<group>";
		};
		D9D92A7327E32BB500E2A7BE /* Products */ = {
			isa = PBXGroup;
			children = (
				D9D92A7227E32BB500E2A7BE /* Portfolio.app */,
				D98BEA8727E81A5300E90060 /* PortfolioTests.xctest */,
				D98BEAA827E9BC1400E90060 /* PortfolioUITests.xctest */,
				D963815A27F0DEC40092C16D /* PortfolioWidgetExtension.appex */,
			);
			name = Products;
			sourceTree = "<group>";
		};
		D9D92A7427E32BB500E2A7BE /* Portfolio */ = {
			isa = PBXGroup;
			children = (
				D94173B327F0E03B00BD94A8 /* Portfolio.entitlements */,
				D98BEA7F27E79D3100E90060 /* Activities */,
				D98BEA7B27E79C6000E90060 /* Configuration */,
				D98BEA7A27E79C5400E90060 /* Localization */,
				D98BEA7927E79C4A00E90060 /* Extensions */,
				D9D92A7527E32BB500E2A7BE /* PortfolioApp.swift */,
				D9D92A7727E32BB500E2A7BE /* ContentView.swift */,
				D9D92A8627E32CDC00E2A7BE /* DataController.swift */,
				D94173AF27F0DFBE00BD94A8 /* DataController-Reminders.swift */,
				D94173B127F0DFF600BD94A8 /* DataController-Awards.swift */,
				D947F65C27EE2D04009CDF92 /* AppDelegate.swift */,
				D947F65E27EE2D0E009CDF92 /* SceneDelegate.swift */,
				D9D92A7927E32BB600E2A7BE /* Assets.xcassets */,
				D96EB82A27E43EC300C0DCB3 /* Colors.xcassets */,
				D9D92A7B27E32BB600E2A7BE /* Preview Content */,
			);
			path = Portfolio;
			sourceTree = "<group>";
		};
		D9D92A7B27E32BB600E2A7BE /* Preview Content */ = {
			isa = PBXGroup;
			children = (
				D9D92A7C27E32BB600E2A7BE /* Preview Assets.xcassets */,
			);
			path = "Preview Content";
			sourceTree = "<group>";
		};
/* End PBXGroup section */

/* Begin PBXNativeTarget section */
		D963815927F0DEC40092C16D /* PortfolioWidgetExtension */ = {
			isa = PBXNativeTarget;
			buildConfigurationList = D963816C27F0DEC50092C16D /* Build configuration list for PBXNativeTarget "PortfolioWidgetExtension" */;
			buildPhases = (
				D963815627F0DEC40092C16D /* Sources */,
				D963815727F0DEC40092C16D /* Frameworks */,
				D963815827F0DEC40092C16D /* Resources */,
			);
			buildRules = (
			);
			dependencies = (
			);
			name = PortfolioWidgetExtension;
			productName = PortfolioWidgetExtension;
			productReference = D963815A27F0DEC40092C16D /* PortfolioWidgetExtension.appex */;
			productType = "com.apple.product-type.app-extension";
		};
		D98BEA8627E81A5300E90060 /* PortfolioTests */ = {
			isa = PBXNativeTarget;
			buildConfigurationList = D98BEA8D27E81A5300E90060 /* Build configuration list for PBXNativeTarget "PortfolioTests" */;
			buildPhases = (
				D98BEA8327E81A5300E90060 /* Sources */,
				D98BEA8427E81A5300E90060 /* Frameworks */,
				D98BEA8527E81A5300E90060 /* Resources */,
			);
			buildRules = (
			);
			dependencies = (
				D98BEA8C27E81A5300E90060 /* PBXTargetDependency */,
			);
			name = PortfolioTests;
			productName = PortfolioTests;
			productReference = D98BEA8727E81A5300E90060 /* PortfolioTests.xctest */;
			productType = "com.apple.product-type.bundle.unit-test";
		};
		D98BEAA727E9BC1400E90060 /* PortfolioUITests */ = {
			isa = PBXNativeTarget;
			buildConfigurationList = D98BEAB027E9BC1500E90060 /* Build configuration list for PBXNativeTarget "PortfolioUITests" */;
			buildPhases = (
				D98BEAA427E9BC1400E90060 /* Sources */,
				D98BEAA527E9BC1400E90060 /* Frameworks */,
				D98BEAA627E9BC1400E90060 /* Resources */,
			);
			buildRules = (
			);
			dependencies = (
				D98BEAAF27E9BC1500E90060 /* PBXTargetDependency */,
			);
			name = PortfolioUITests;
			productName = PortfolioUITests;
			productReference = D98BEAA827E9BC1400E90060 /* PortfolioUITests.xctest */;
			productType = "com.apple.product-type.bundle.ui-testing";
		};
		D9D92A7127E32BB500E2A7BE /* Portfolio */ = {
			isa = PBXNativeTarget;
			buildConfigurationList = D9D92A8027E32BB600E2A7BE /* Build configuration list for PBXNativeTarget "Portfolio" */;
			buildPhases = (
				D9D0AC3527E73961001C8ADE /* SwiftLint */,
				D9D92A6E27E32BB500E2A7BE /* Sources */,
				D9D92A6F27E32BB500E2A7BE /* Frameworks */,
				D9D92A7027E32BB500E2A7BE /* Resources */,
				D963816927F0DEC50092C16D /* Embed App Extensions */,
			);
			buildRules = (
			);
			dependencies = (
				D963816727F0DEC50092C16D /* PBXTargetDependency */,
			);
			name = Portfolio;
			productName = Portfolio;
			productReference = D9D92A7227E32BB500E2A7BE /* Portfolio.app */;
			productType = "com.apple.product-type.application";
		};
/* End PBXNativeTarget section */

/* Begin PBXProject section */
		D9D92A6A27E32BB500E2A7BE /* Project object */ = {
			isa = PBXProject;
			attributes = {
				BuildIndependentTargetsInParallel = 1;
				LastSwiftUpdateCheck = 1330;
				LastUpgradeCheck = 1330;
				TargetAttributes = {
					D963815927F0DEC40092C16D = {
						CreatedOnToolsVersion = 13.3;
					};
					D98BEA8627E81A5300E90060 = {
						CreatedOnToolsVersion = 13.3;
						TestTargetID = D9D92A7127E32BB500E2A7BE;
					};
					D98BEAA727E9BC1400E90060 = {
						CreatedOnToolsVersion = 13.3;
						TestTargetID = D9D92A7127E32BB500E2A7BE;
					};
					D9D92A7127E32BB500E2A7BE = {
						CreatedOnToolsVersion = 13.3;
					};
				};
			};
			buildConfigurationList = D9D92A6D27E32BB500E2A7BE /* Build configuration list for PBXProject "Portfolio" */;
			compatibilityVersion = "Xcode 12.0";
			developmentRegion = en;
			hasScannedForEncodings = 0;
			knownRegions = (
				en,
				Base,
				hu,
				vi,
			);
			mainGroup = D9D92A6927E32BB500E2A7BE;
			productRefGroup = D9D92A7327E32BB500E2A7BE /* Products */;
			projectDirPath = "";
			projectRoot = "";
			targets = (
				D9D92A7127E32BB500E2A7BE /* Portfolio */,
				D98BEA8627E81A5300E90060 /* PortfolioTests */,
				D98BEAA727E9BC1400E90060 /* PortfolioUITests */,
				D963815927F0DEC40092C16D /* PortfolioWidgetExtension */,
			);
		};
/* End PBXProject section */

/* Begin PBXResourcesBuildPhase section */
		D963815827F0DEC40092C16D /* Resources */ = {
			isa = PBXResourcesBuildPhase;
			buildActionMask = 2147483647;
			files = (
				D963816427F0DEC50092C16D /* Assets.xcassets in Resources */,
			);
			runOnlyForDeploymentPostprocessing = 0;
		};
		D98BEA8527E81A5300E90060 /* Resources */ = {
			isa = PBXResourcesBuildPhase;
			buildActionMask = 2147483647;
			files = (
				D98BEAA027E832AA00E90060 /* DecodableString.json in Resources */,
			);
			runOnlyForDeploymentPostprocessing = 0;
		};
		D98BEAA627E9BC1400E90060 /* Resources */ = {
			isa = PBXResourcesBuildPhase;
			buildActionMask = 2147483647;
			files = (
			);
			runOnlyForDeploymentPostprocessing = 0;
		};
		D9D92A7027E32BB500E2A7BE /* Resources */ = {
			isa = PBXResourcesBuildPhase;
			buildActionMask = 2147483647;
			files = (
				D96EB82B27E43EC300C0DCB3 /* Colors.xcassets in Resources */,
				D9D0AC2227E65FC1001C8ADE /* Localizable.strings in Resources */,
				D9D0AC2A27E66102001C8ADE /* Awards.json in Resources */,
				D98BEA9B27E8323200E90060 /* DecodableDictionary.json in Resources */,
				D9D92A7D27E32BB600E2A7BE /* Preview Assets.xcassets in Resources */,
				D9D92A7A27E32BB600E2A7BE /* Assets.xcassets in Resources */,
				D9D0AC2627E66049001C8ADE /* Localizable.stringsdict in Resources */,
			);
			runOnlyForDeploymentPostprocessing = 0;
		};
/* End PBXResourcesBuildPhase section */

/* Begin PBXShellScriptBuildPhase section */
		D9D0AC3527E73961001C8ADE /* SwiftLint */ = {
			isa = PBXShellScriptBuildPhase;
			buildActionMask = 2147483647;
			files = (
			);
			inputFileListPaths = (
			);
			inputPaths = (
			);
			name = SwiftLint;
			outputFileListPaths = (
			);
			outputPaths = (
			);
			runOnlyForDeploymentPostprocessing = 0;
			shellPath = /bin/sh;
			shellScript = "alias swiftlint=\"/opt/homebrew/bin/swiftlint\"\n\nif swiftlint >/dev/null; then\n  swiftlint\nelse\n  echo \"warning: SwiftLint not installed, download from https://github.com/realm/SwiftLint\"\nfi\n";
		};
/* End PBXShellScriptBuildPhase section */

/* Begin PBXSourcesBuildPhase section */
		D963815627F0DEC40092C16D /* Sources */ = {
			isa = PBXSourcesBuildPhase;
			buildActionMask = 2147483647;
			files = (
				D94173AC27F0DF9200BD94A8 /* Main.xcdatamodeld in Sources */,
				D94173AD27F0DF9800BD94A8 /* DataController.swift in Sources */,
				D963816227F0DEC40092C16D /* PortfolioWidget.swift in Sources */,
				D94173AE27F0DF9C00BD94A8 /* Item-CoreDataHelpers.swift in Sources */,
			);
			runOnlyForDeploymentPostprocessing = 0;
		};
		D98BEA8327E81A5300E90060 /* Sources */ = {
			isa = PBXSourcesBuildPhase;
			buildActionMask = 2147483647;
			files = (
				D98BEAA227E838E200E90060 /* PerformanceTests.swift in Sources */,
				D98BEA9127E81BC600E90060 /* AssetsTests.swift in Sources */,
				D98BEA9527E8228600E90060 /* AwardTests.swift in Sources */,
				D98BEA8A27E81A5300E90060 /* PortfolioTests.swift in Sources */,
				D98BEA9927E82F9E00E90060 /* ExtensionTests.swift in Sources */,
				D98BEA9327E81E7700E90060 /* ProjectTests.swift in Sources */,
				D98BEA9727E8276200E90060 /* DevelopmentTests.swift in Sources */,
			);
			runOnlyForDeploymentPostprocessing = 0;
		};
		D98BEAA427E9BC1400E90060 /* Sources */ = {
			isa = PBXSourcesBuildPhase;
			buildActionMask = 2147483647;
			files = (
				D98BEAAB27E9BC1500E90060 /* PortfolioUITests.swift in Sources */,
				D98BEAAD27E9BC1500E90060 /* PortfolioUITestsLaunchTests.swift in Sources */,
			);
			runOnlyForDeploymentPostprocessing = 0;
		};
		D9D92A6E27E32BB500E2A7BE /* Sources */ = {
			isa = PBXSourcesBuildPhase;
			buildActionMask = 2147483647;
			files = (
				D9D92A8B27E32D9400E2A7BE /* ProjectsView.swift in Sources */,
				D9D0AC3427E708C8001C8ADE /* ProjectSummaryView.swift in Sources */,
				D947F65F27EE2D0E009CDF92 /* SceneDelegate.swift in Sources */,
				D94173B227F0DFF600BD94A8 /* DataController-Awards.swift in Sources */,
				D980D46127ED6FC80000DD41 /* PurchaseButton.swift in Sources */,
				D997C6B627E43BBB006F757C /* ProjectHeaderView.swift in Sources */,
				D980D46327ED70AF0000DD41 /* ProductView.swift in Sources */,
				D96EB84E27E63C4400C0DCB3 /* AwardsView.swift in Sources */,
				D96EB82D27E43FED00C0DCB3 /* EditProjectsView.swift in Sources */,
				D98BEAB627EA393800E90060 /* HomeViewModel.swift in Sources */,
				D980D45C27ECCA970000DD41 /* UnlockManager.swift in Sources */,
				D9D92A8527E32BCF00E2A7BE /* Main.xcdatamodeld in Sources */,
				D96EB85027E6449A00C0DCB3 /* Color-Additions.swift in Sources */,
				D997C6AE27E4209A006F757C /* Project-CoreDataHelpers.swift in Sources */,
				D94173B027F0DFBE00BD94A8 /* DataController-Reminders.swift in Sources */,
				D9D92A8727E32CDC00E2A7BE /* DataController.swift in Sources */,
				D96EB84627E5DC3700C0DCB3 /* SelectSomethingView.swift in Sources */,
				D96EB84C27E63BB200C0DCB3 /* Award.swift in Sources */,
				D997C6B227E434EE006F757C /* ItemRowView.swift in Sources */,
				D980D46527ED71FF0000DD41 /* UnlockView.swift in Sources */,
				D9D92A7827E32BB500E2A7BE /* ContentView.swift in Sources */,
				D947F65D27EE2D04009CDF92 /* AppDelegate.swift in Sources */,
				D997C6B427E43712006F757C /* Binding-OnChange.swift in Sources */,
				D96EB83127E48C2700C0DCB3 /* Sequence-Sorting.swift in Sources */,
				D96EB84827E5DE5400C0DCB3 /* Bundle-Decodable.swift in Sources */,
				D9D0AC3227E70821001C8ADE /* ItemListView.swift in Sources */,
				D9D92A8927E32D7C00E2A7BE /* HomeView.swift in Sources */,
				D9D92A7627E32BB500E2A7BE /* PortfolioApp.swift in Sources */,
				D98BEAB827EA401600E90060 /* ItemRowViewModel.swift in Sources */,
				D997C6AC27E41FB9006F757C /* Item-CoreDataHelpers.swift in Sources */,
				D980D45F27ECDB7F0000DD41 /* SKProduct-LocalizedPrice.swift in Sources */,
				D98BEAB427EA2D5F00E90060 /* ProjectsViewModel.swift in Sources */,
				D997C6B027E42A5F006F757C /* EditItemView.swift in Sources */,
			);
			runOnlyForDeploymentPostprocessing = 0;
		};
/* End PBXSourcesBuildPhase section */

/* Begin PBXTargetDependency section */
		D963816727F0DEC50092C16D /* PBXTargetDependency */ = {
			isa = PBXTargetDependency;
			target = D963815927F0DEC40092C16D /* PortfolioWidgetExtension */;
			targetProxy = D963816627F0DEC50092C16D /* PBXContainerItemProxy */;
		};
		D98BEA8C27E81A5300E90060 /* PBXTargetDependency */ = {
			isa = PBXTargetDependency;
			target = D9D92A7127E32BB500E2A7BE /* Portfolio */;
			targetProxy = D98BEA8B27E81A5300E90060 /* PBXContainerItemProxy */;
		};
		D98BEAAF27E9BC1500E90060 /* PBXTargetDependency */ = {
			isa = PBXTargetDependency;
			target = D9D92A7127E32BB500E2A7BE /* Portfolio */;
			targetProxy = D98BEAAE27E9BC1500E90060 /* PBXContainerItemProxy */;
		};
/* End PBXTargetDependency section */

/* Begin PBXVariantGroup section */
		D9D0AC2427E65FC1001C8ADE /* Localizable.strings */ = {
			isa = PBXVariantGroup;
			children = (
				D9D0AC2327E65FC1001C8ADE /* en */,
				D9D0AC2527E65FD0001C8ADE /* hu */,
				D9D0AC2E27E6615E001C8ADE /* vi */,
			);
			name = Localizable.strings;
			sourceTree = "<group>";
		};
		D9D0AC2827E66049001C8ADE /* Localizable.stringsdict */ = {
			isa = PBXVariantGroup;
			children = (
				D9D0AC2727E66049001C8ADE /* en */,
				D9D0AC2927E66050001C8ADE /* hu */,
				D9D0AC2F27E6615E001C8ADE /* vi */,
			);
			name = Localizable.stringsdict;
			sourceTree = "<group>";
		};
		D9D0AC2C27E66102001C8ADE /* Awards.json */ = {
			isa = PBXVariantGroup;
			children = (
				D9D0AC2B27E66102001C8ADE /* en */,
				D9D0AC2D27E66106001C8ADE /* hu */,
				D9D0AC3027E6615E001C8ADE /* vi */,
			);
			name = Awards.json;
			sourceTree = "<group>";
		};
/* End PBXVariantGroup section */

/* Begin XCBuildConfiguration section */
		D963816A27F0DEC50092C16D /* Debug */ = {
			isa = XCBuildConfiguration;
			buildSettings = {
				ASSETCATALOG_COMPILER_GLOBAL_ACCENT_COLOR_NAME = AccentColor;
				ASSETCATALOG_COMPILER_WIDGET_BACKGROUND_COLOR_NAME = WidgetBackground;
				CODE_SIGN_ENTITLEMENTS = PortfolioWidgetExtension.entitlements;
				CODE_SIGN_STYLE = Automatic;
				CURRENT_PROJECT_VERSION = 1;
				DEVELOPMENT_TEAM = S5UQWNYJJ2;
				GENERATE_INFOPLIST_FILE = YES;
				INFOPLIST_FILE = PortfolioWidget/Info.plist;
				INFOPLIST_KEY_CFBundleDisplayName = PortfolioWidget;
				INFOPLIST_KEY_NSHumanReadableCopyright = "";
				LD_RUNPATH_SEARCH_PATHS = (
					"$(inherited)",
					"@executable_path/Frameworks",
					"@executable_path/../../Frameworks",
				);
				MARKETING_VERSION = 1.0;
				PRODUCT_BUNDLE_IDENTIFIER = RobynChau.Portfolio.PortfolioWidget;
				PRODUCT_NAME = "$(TARGET_NAME)";
				SKIP_INSTALL = YES;
				SWIFT_EMIT_LOC_STRINGS = YES;
				SWIFT_VERSION = 5.0;
				TARGETED_DEVICE_FAMILY = "1,2";
			};
			name = Debug;
		};
		D963816B27F0DEC50092C16D /* Release */ = {
			isa = XCBuildConfiguration;
			buildSettings = {
				ASSETCATALOG_COMPILER_GLOBAL_ACCENT_COLOR_NAME = AccentColor;
				ASSETCATALOG_COMPILER_WIDGET_BACKGROUND_COLOR_NAME = WidgetBackground;
				CODE_SIGN_ENTITLEMENTS = PortfolioWidgetExtension.entitlements;
				CODE_SIGN_STYLE = Automatic;
				CURRENT_PROJECT_VERSION = 1;
				DEVELOPMENT_TEAM = S5UQWNYJJ2;
				GENERATE_INFOPLIST_FILE = YES;
				INFOPLIST_FILE = PortfolioWidget/Info.plist;
				INFOPLIST_KEY_CFBundleDisplayName = PortfolioWidget;
				INFOPLIST_KEY_NSHumanReadableCopyright = "";
				LD_RUNPATH_SEARCH_PATHS = (
					"$(inherited)",
					"@executable_path/Frameworks",
					"@executable_path/../../Frameworks",
				);
				MARKETING_VERSION = 1.0;
				PRODUCT_BUNDLE_IDENTIFIER = RobynChau.Portfolio.PortfolioWidget;
				PRODUCT_NAME = "$(TARGET_NAME)";
				SKIP_INSTALL = YES;
				SWIFT_EMIT_LOC_STRINGS = YES;
				SWIFT_VERSION = 5.0;
				TARGETED_DEVICE_FAMILY = "1,2";
			};
			name = Release;
		};
		D98BEA8E27E81A5300E90060 /* Debug */ = {
			isa = XCBuildConfiguration;
			buildSettings = {
				BUNDLE_LOADER = "$(TEST_HOST)";
				CODE_SIGN_STYLE = Automatic;
				CURRENT_PROJECT_VERSION = 1;
				DEVELOPMENT_TEAM = S5UQWNYJJ2;
				GENERATE_INFOPLIST_FILE = YES;
				MARKETING_VERSION = 1.0;
				PRODUCT_BUNDLE_IDENTIFIER = RobynChau.PortfolioTests;
				PRODUCT_NAME = "$(TARGET_NAME)";
				SWIFT_EMIT_LOC_STRINGS = NO;
				SWIFT_VERSION = 5.0;
				TARGETED_DEVICE_FAMILY = "1,2";
				TEST_HOST = "$(BUILT_PRODUCTS_DIR)/Portfolio.app/Portfolio";
			};
			name = Debug;
		};
		D98BEA8F27E81A5300E90060 /* Release */ = {
			isa = XCBuildConfiguration;
			buildSettings = {
				BUNDLE_LOADER = "$(TEST_HOST)";
				CODE_SIGN_STYLE = Automatic;
				CURRENT_PROJECT_VERSION = 1;
				DEVELOPMENT_TEAM = S5UQWNYJJ2;
				GENERATE_INFOPLIST_FILE = YES;
				MARKETING_VERSION = 1.0;
				PRODUCT_BUNDLE_IDENTIFIER = RobynChau.PortfolioTests;
				PRODUCT_NAME = "$(TARGET_NAME)";
				SWIFT_EMIT_LOC_STRINGS = NO;
				SWIFT_VERSION = 5.0;
				TARGETED_DEVICE_FAMILY = "1,2";
				TEST_HOST = "$(BUILT_PRODUCTS_DIR)/Portfolio.app/Portfolio";
			};
			name = Release;
		};
		D98BEAB127E9BC1500E90060 /* Debug */ = {
			isa = XCBuildConfiguration;
			buildSettings = {
				CODE_SIGN_STYLE = Automatic;
				CURRENT_PROJECT_VERSION = 1;
				DEVELOPMENT_TEAM = S5UQWNYJJ2;
				GENERATE_INFOPLIST_FILE = YES;
				MARKETING_VERSION = 1.0;
				PRODUCT_BUNDLE_IDENTIFIER = RobynChau.PortfolioUITests;
				PRODUCT_NAME = "$(TARGET_NAME)";
				SWIFT_EMIT_LOC_STRINGS = NO;
				SWIFT_VERSION = 5.0;
				TARGETED_DEVICE_FAMILY = "1,2";
				TEST_TARGET_NAME = Portfolio;
			};
			name = Debug;
		};
		D98BEAB227E9BC1500E90060 /* Release */ = {
			isa = XCBuildConfiguration;
			buildSettings = {
				CODE_SIGN_STYLE = Automatic;
				CURRENT_PROJECT_VERSION = 1;
				DEVELOPMENT_TEAM = S5UQWNYJJ2;
				GENERATE_INFOPLIST_FILE = YES;
				MARKETING_VERSION = 1.0;
				PRODUCT_BUNDLE_IDENTIFIER = RobynChau.PortfolioUITests;
				PRODUCT_NAME = "$(TARGET_NAME)";
				SWIFT_EMIT_LOC_STRINGS = NO;
				SWIFT_VERSION = 5.0;
				TARGETED_DEVICE_FAMILY = "1,2";
				TEST_TARGET_NAME = Portfolio;
			};
			name = Release;
		};
		D9D92A7E27E32BB600E2A7BE /* Debug */ = {
			isa = XCBuildConfiguration;
			buildSettings = {
				ALWAYS_SEARCH_USER_PATHS = NO;
				CLANG_ANALYZER_NONNULL = YES;
				CLANG_ANALYZER_NUMBER_OBJECT_CONVERSION = YES_AGGRESSIVE;
				CLANG_CXX_LANGUAGE_STANDARD = "gnu++17";
				CLANG_ENABLE_MODULES = YES;
				CLANG_ENABLE_OBJC_ARC = YES;
				CLANG_ENABLE_OBJC_WEAK = YES;
				CLANG_WARN_BLOCK_CAPTURE_AUTORELEASING = YES;
				CLANG_WARN_BOOL_CONVERSION = YES;
				CLANG_WARN_COMMA = YES;
				CLANG_WARN_CONSTANT_CONVERSION = YES;
				CLANG_WARN_DEPRECATED_OBJC_IMPLEMENTATIONS = YES;
				CLANG_WARN_DIRECT_OBJC_ISA_USAGE = YES_ERROR;
				CLANG_WARN_DOCUMENTATION_COMMENTS = YES;
				CLANG_WARN_EMPTY_BODY = YES;
				CLANG_WARN_ENUM_CONVERSION = YES;
				CLANG_WARN_INFINITE_RECURSION = YES;
				CLANG_WARN_INT_CONVERSION = YES;
				CLANG_WARN_NON_LITERAL_NULL_CONVERSION = YES;
				CLANG_WARN_OBJC_IMPLICIT_RETAIN_SELF = YES;
				CLANG_WARN_OBJC_LITERAL_CONVERSION = YES;
				CLANG_WARN_OBJC_ROOT_CLASS = YES_ERROR;
				CLANG_WARN_QUOTED_INCLUDE_IN_FRAMEWORK_HEADER = YES;
				CLANG_WARN_RANGE_LOOP_ANALYSIS = YES;
				CLANG_WARN_STRICT_PROTOTYPES = YES;
				CLANG_WARN_SUSPICIOUS_MOVE = YES;
				CLANG_WARN_UNGUARDED_AVAILABILITY = YES_AGGRESSIVE;
				CLANG_WARN_UNREACHABLE_CODE = YES;
				CLANG_WARN__DUPLICATE_METHOD_MATCH = YES;
				COPY_PHASE_STRIP = NO;
				DEBUG_INFORMATION_FORMAT = dwarf;
				ENABLE_STRICT_OBJC_MSGSEND = YES;
				ENABLE_TESTABILITY = YES;
				GCC_C_LANGUAGE_STANDARD = gnu11;
				GCC_DYNAMIC_NO_PIC = NO;
				GCC_NO_COMMON_BLOCKS = YES;
				GCC_OPTIMIZATION_LEVEL = 0;
				GCC_PREPROCESSOR_DEFINITIONS = (
					"DEBUG=1",
					"$(inherited)",
				);
				GCC_WARN_64_TO_32_BIT_CONVERSION = YES;
				GCC_WARN_ABOUT_RETURN_TYPE = YES_ERROR;
				GCC_WARN_UNDECLARED_SELECTOR = YES;
				GCC_WARN_UNINITIALIZED_AUTOS = YES_AGGRESSIVE;
				GCC_WARN_UNUSED_FUNCTION = YES;
				GCC_WARN_UNUSED_VARIABLE = YES;
				IPHONEOS_DEPLOYMENT_TARGET = 15.4;
				MTL_ENABLE_DEBUG_INFO = INCLUDE_SOURCE;
				MTL_FAST_MATH = YES;
				ONLY_ACTIVE_ARCH = YES;
				SDKROOT = iphoneos;
				SWIFT_ACTIVE_COMPILATION_CONDITIONS = DEBUG;
				SWIFT_OPTIMIZATION_LEVEL = "-Onone";
			};
			name = Debug;
		};
		D9D92A7F27E32BB600E2A7BE /* Release */ = {
			isa = XCBuildConfiguration;
			buildSettings = {
				ALWAYS_SEARCH_USER_PATHS = NO;
				CLANG_ANALYZER_NONNULL = YES;
				CLANG_ANALYZER_NUMBER_OBJECT_CONVERSION = YES_AGGRESSIVE;
				CLANG_CXX_LANGUAGE_STANDARD = "gnu++17";
				CLANG_ENABLE_MODULES = YES;
				CLANG_ENABLE_OBJC_ARC = YES;
				CLANG_ENABLE_OBJC_WEAK = YES;
				CLANG_WARN_BLOCK_CAPTURE_AUTORELEASING = YES;
				CLANG_WARN_BOOL_CONVERSION = YES;
				CLANG_WARN_COMMA = YES;
				CLANG_WARN_CONSTANT_CONVERSION = YES;
				CLANG_WARN_DEPRECATED_OBJC_IMPLEMENTATIONS = YES;
				CLANG_WARN_DIRECT_OBJC_ISA_USAGE = YES_ERROR;
				CLANG_WARN_DOCUMENTATION_COMMENTS = YES;
				CLANG_WARN_EMPTY_BODY = YES;
				CLANG_WARN_ENUM_CONVERSION = YES;
				CLANG_WARN_INFINITE_RECURSION = YES;
				CLANG_WARN_INT_CONVERSION = YES;
				CLANG_WARN_NON_LITERAL_NULL_CONVERSION = YES;
				CLANG_WARN_OBJC_IMPLICIT_RETAIN_SELF = YES;
				CLANG_WARN_OBJC_LITERAL_CONVERSION = YES;
				CLANG_WARN_OBJC_ROOT_CLASS = YES_ERROR;
				CLANG_WARN_QUOTED_INCLUDE_IN_FRAMEWORK_HEADER = YES;
				CLANG_WARN_RANGE_LOOP_ANALYSIS = YES;
				CLANG_WARN_STRICT_PROTOTYPES = YES;
				CLANG_WARN_SUSPICIOUS_MOVE = YES;
				CLANG_WARN_UNGUARDED_AVAILABILITY = YES_AGGRESSIVE;
				CLANG_WARN_UNREACHABLE_CODE = YES;
				CLANG_WARN__DUPLICATE_METHOD_MATCH = YES;
				COPY_PHASE_STRIP = NO;
				DEBUG_INFORMATION_FORMAT = "dwarf-with-dsym";
				ENABLE_NS_ASSERTIONS = NO;
				ENABLE_STRICT_OBJC_MSGSEND = YES;
				GCC_C_LANGUAGE_STANDARD = gnu11;
				GCC_NO_COMMON_BLOCKS = YES;
				GCC_WARN_64_TO_32_BIT_CONVERSION = YES;
				GCC_WARN_ABOUT_RETURN_TYPE = YES_ERROR;
				GCC_WARN_UNDECLARED_SELECTOR = YES;
				GCC_WARN_UNINITIALIZED_AUTOS = YES_AGGRESSIVE;
				GCC_WARN_UNUSED_FUNCTION = YES;
				GCC_WARN_UNUSED_VARIABLE = YES;
				IPHONEOS_DEPLOYMENT_TARGET = 15.4;
				MTL_ENABLE_DEBUG_INFO = NO;
				MTL_FAST_MATH = YES;
				SDKROOT = iphoneos;
				SWIFT_COMPILATION_MODE = wholemodule;
				SWIFT_OPTIMIZATION_LEVEL = "-O";
				VALIDATE_PRODUCT = YES;
			};
			name = Release;
		};
		D9D92A8127E32BB600E2A7BE /* Debug */ = {
			isa = XCBuildConfiguration;
			buildSettings = {
				ALWAYS_EMBED_SWIFT_STANDARD_LIBRARIES = YES;
				ASSETCATALOG_COMPILER_APPICON_NAME = AppIcon;
				ASSETCATALOG_COMPILER_GLOBAL_ACCENT_COLOR_NAME = AccentColor;
				CODE_SIGN_ENTITLEMENTS = Portfolio/Portfolio.entitlements;
				CODE_SIGN_STYLE = Automatic;
				CURRENT_PROJECT_VERSION = 1;
				DEVELOPMENT_ASSET_PATHS = "\"Portfolio/Preview Content\"";
				DEVELOPMENT_TEAM = S5UQWNYJJ2;
				ENABLE_PREVIEWS = YES;
				GENERATE_INFOPLIST_FILE = NO;
				INFOPLIST_FILE = /Users/robynchau/Desktop/Portfolio/Portfolio/Configuration/Info.plist;
				INFOPLIST_KEY_UIApplicationSceneManifest_Generation = YES;
				INFOPLIST_KEY_UIApplicationSupportsIndirectInputEvents = YES;
				INFOPLIST_KEY_UILaunchScreen_Generation = YES;
				INFOPLIST_KEY_UISupportedInterfaceOrientations_iPad = "UIInterfaceOrientationPortrait UIInterfaceOrientationPortraitUpsideDown UIInterfaceOrientationLandscapeLeft UIInterfaceOrientationLandscapeRight";
				INFOPLIST_KEY_UISupportedInterfaceOrientations_iPhone = "UIInterfaceOrientationPortrait UIInterfaceOrientationLandscapeLeft UIInterfaceOrientationLandscapeRight";
				LD_RUNPATH_SEARCH_PATHS = (
					"$(inherited)",
					"@executable_path/Frameworks",
				);
				MARKETING_VERSION = 1.0;
				PRODUCT_BUNDLE_IDENTIFIER = RobynChau.Portfolio;
				PRODUCT_NAME = "$(TARGET_NAME)";
				SWIFT_EMIT_LOC_STRINGS = YES;
				SWIFT_VERSION = 5.0;
				TARGETED_DEVICE_FAMILY = "1,2";
			};
			name = Debug;
		};
		D9D92A8227E32BB600E2A7BE /* Release */ = {
			isa = XCBuildConfiguration;
			buildSettings = {
				ALWAYS_EMBED_SWIFT_STANDARD_LIBRARIES = YES;
				ASSETCATALOG_COMPILER_APPICON_NAME = AppIcon;
				ASSETCATALOG_COMPILER_GLOBAL_ACCENT_COLOR_NAME = AccentColor;
				CODE_SIGN_ENTITLEMENTS = Portfolio/Portfolio.entitlements;
				CODE_SIGN_STYLE = Automatic;
				CURRENT_PROJECT_VERSION = 1;
				DEVELOPMENT_ASSET_PATHS = "\"Portfolio/Preview Content\"";
				DEVELOPMENT_TEAM = S5UQWNYJJ2;
				ENABLE_PREVIEWS = YES;
				GENERATE_INFOPLIST_FILE = NO;
				INFOPLIST_FILE = /Users/robynchau/Desktop/Portfolio/Portfolio/Configuration/Info.plist;
				INFOPLIST_KEY_UIApplicationSceneManifest_Generation = YES;
				INFOPLIST_KEY_UIApplicationSupportsIndirectInputEvents = YES;
				INFOPLIST_KEY_UILaunchScreen_Generation = YES;
				INFOPLIST_KEY_UISupportedInterfaceOrientations_iPad = "UIInterfaceOrientationPortrait UIInterfaceOrientationPortraitUpsideDown UIInterfaceOrientationLandscapeLeft UIInterfaceOrientationLandscapeRight";
				INFOPLIST_KEY_UISupportedInterfaceOrientations_iPhone = "UIInterfaceOrientationPortrait UIInterfaceOrientationLandscapeLeft UIInterfaceOrientationLandscapeRight";
				LD_RUNPATH_SEARCH_PATHS = (
					"$(inherited)",
					"@executable_path/Frameworks",
				);
				MARKETING_VERSION = 1.0;
				PRODUCT_BUNDLE_IDENTIFIER = RobynChau.Portfolio;
				PRODUCT_NAME = "$(TARGET_NAME)";
				SWIFT_EMIT_LOC_STRINGS = YES;
				SWIFT_VERSION = 5.0;
				TARGETED_DEVICE_FAMILY = "1,2";
			};
			name = Release;
		};
/* End XCBuildConfiguration section */

/* Begin XCConfigurationList section */
		D963816C27F0DEC50092C16D /* Build configuration list for PBXNativeTarget "PortfolioWidgetExtension" */ = {
			isa = XCConfigurationList;
			buildConfigurations = (
				D963816A27F0DEC50092C16D /* Debug */,
				D963816B27F0DEC50092C16D /* Release */,
			);
			defaultConfigurationIsVisible = 0;
			defaultConfigurationName = Release;
		};
		D98BEA8D27E81A5300E90060 /* Build configuration list for PBXNativeTarget "PortfolioTests" */ = {
			isa = XCConfigurationList;
			buildConfigurations = (
				D98BEA8E27E81A5300E90060 /* Debug */,
				D98BEA8F27E81A5300E90060 /* Release */,
			);
			defaultConfigurationIsVisible = 0;
			defaultConfigurationName = Release;
		};
		D98BEAB027E9BC1500E90060 /* Build configuration list for PBXNativeTarget "PortfolioUITests" */ = {
			isa = XCConfigurationList;
			buildConfigurations = (
				D98BEAB127E9BC1500E90060 /* Debug */,
				D98BEAB227E9BC1500E90060 /* Release */,
			);
			defaultConfigurationIsVisible = 0;
			defaultConfigurationName = Release;
		};
		D9D92A6D27E32BB500E2A7BE /* Build configuration list for PBXProject "Portfolio" */ = {
			isa = XCConfigurationList;
			buildConfigurations = (
				D9D92A7E27E32BB600E2A7BE /* Debug */,
				D9D92A7F27E32BB600E2A7BE /* Release */,
			);
			defaultConfigurationIsVisible = 0;
			defaultConfigurationName = Release;
		};
		D9D92A8027E32BB600E2A7BE /* Build configuration list for PBXNativeTarget "Portfolio" */ = {
			isa = XCConfigurationList;
			buildConfigurations = (
				D9D92A8127E32BB600E2A7BE /* Debug */,
				D9D92A8227E32BB600E2A7BE /* Release */,
			);
			defaultConfigurationIsVisible = 0;
			defaultConfigurationName = Release;
		};
/* End XCConfigurationList section */

/* Begin XCVersionGroup section */
		D9D92A8327E32BCF00E2A7BE /* Main.xcdatamodeld */ = {
			isa = XCVersionGroup;
			children = (
				D9D92A8427E32BCF00E2A7BE /* Main.xcdatamodel */,
			);
			currentVersion = D9D92A8427E32BCF00E2A7BE /* Main.xcdatamodel */;
			path = Main.xcdatamodeld;
			sourceTree = "<group>";
			versionGroupType = wrapper.xcdatamodel;
		};
/* End XCVersionGroup section */
	};
	rootObject = D9D92A6A27E32BB500E2A7BE /* Project object */;
}
